
Microsoft Visual Studio Solution File, Format Version 12.00
# Visual Studio Version 17
VisualStudioVersion = 17.11.35327.3
MinimumVisualStudioVersion = 10.0.40219.1
Project("{FAE04EC0-301F-11D3-BF4B-00C04F79EFBC}") = "ProjectCardPark1", "ProjectCardPark1\ProjectCardPark1.csproj", "{F7B34307-EA24-414E-B230-F417201B2259}"
EndProject
Global
	GlobalSection(SolutionConfigurationPlatforms) = preSolution
		Debug|Any CPU = Debug|Any CPU
		Release|Any CPU = Release|Any CPU
	EndGlobalSection
	GlobalSection(ProjectConfigurationPlatforms) = postSolution
		{F7B34307-EA24-414E-B230-F417201B2259}.Debug|Any CPU.ActiveCfg = Debug|Any CPU
		{F7B34307-EA24-414E-B230-F417201B2259}.Debug|Any CPU.Build.0 = Debug|Any CPU
		{F7B34307-EA24-414E-B230-F417201B2259}.Release|Any CPU.ActiveCfg = Release|Any CPU
		{F7B34307-EA24-414E-B230-F417201B2259}.Release|Any CPU.Build.0 = Release|Any CPU
	EndGlobalSection
	GlobalSection(SolutionProperties) = preSolution
		HideSolutionNode = FALSE
	EndGlobalSection
	GlobalSection(ExtensibilityGlobals) = postSolution
		SolutionGuid = {4F576773-26B4-4DE4-BF90-E892EE1DB9CB}
	EndGlobalSection
EndGlobal
